Microsoft Visual Studio Solution File, Format Version 12.00
# Visual Studio Version 17
VisualStudioVersion = 17.5.33627.172
MinimumVisualStudioVersion = 10.0.40219.1
Project("{2150E333-8FDC-42A3-9474-1A3956D46DE8}") = "RabbitMQ", "RabbitMQ", "{F22B4230-BE74-4660-B5F7-B9AAC5DEC4A1}"
EndProject
Project("{9A19103F-16F7-4668-BE54-9A1E7A4F7556}") = "Common", "RabbitMQ\Common\Common.csproj", "{87492C5A-B10B-4CE2-8157-EC0A234A7BF8}"
EndProject
Project("{9A19103F-16F7-4668-BE54-9A1E7A4F7556}") = "SimpleTransaction", "RabbitMQ\SimpleTransaction\SimpleTransaction.csproj", "{83EF07A4-78E4-4977-A9C3-19BA64A04C5D}"
EndProject
Project("{9A19103F-16F7-4668-BE54-9A1E7A4F7556}") = "Dispatch", "RabbitMQ\Dispatch\Dispatch.csproj", "{24A446A6-3298-40A8-9C6C-3764FC649055}"
EndProject
Project("{9A19103F-16F7-4668-BE54-9A1E7A4F7556}") = "PublisherSubscriber", "RabbitMQ\PublisherSubscriber\PublisherSubscriber.csproj", "{5C18CDCE-6642-452F-9323-0198A861060A}"
EndProject
Project("{9A19103F-16F7-4668-BE54-9A1E7A4F7556}") = "Routing", "RabbitMQ\Routing\Routing.csproj", "{7FE03B29-75DE-48E1-9DC9-11D08AC50E36}"
EndProject
Project("{9A19103F-16F7-4668-BE54-9A1E7A4F7556}") = "RPC", "RabbitMQ\RPC\RPC.csproj", "{195BA090-949B-47D0-81CD-DC4D9409175B}"
EndProject
Project("{2150E333-8FDC-42A3-9474-1A3956D46DE8}") = "Ado", "Ado", "{F4E0C3B3-FB0C-4F0D-8900-84BA975E2F52}"
EndProject
Project("{9A19103F-16F7-4668-BE54-9A1E7A4F7556}") = "Common", "Ado\Common\Common.csproj", "{DDE27ABF-E784-4FED-87A3-61C65CDF28EC}"
EndProject
Project("{9A19103F-16F7-4668-BE54-9A1E7A4F7556}") = "Init", "Ado\Init\Init.csproj", "{D0E6FDF6-1C6F-4567-B2D0-8E879563143F}"
EndProject
Project("{9A19103F-16F7-4668-BE54-9A1E7A4F7556}") = "Read", "Ado\Read\Read.csproj", "{30689FEB-C785-4E53-B569-1C109BD5A30B}"
EndProject
Project("{9A19103F-16F7-4668-BE54-9A1E7A4F7556}") = "Parameters", "Ado\Parameters\Parameters.csproj", "{FCE05DCE-41E0-467C-928C-E3245CA9B6A1}"
EndProject
Project("{9A19103F-16F7-4668-BE54-9A1E7A4F7556}") = "Transaction", "Ado\Transaction\Transaction.csproj", "{61528035-562C-4506-8874-21D77F147CE0}"
EndProject
Project("{2150E333-8FDC-42A3-9474-1A3956D46DE8}") = "DependencyInversion", "DependencyInversion", "{A84D1A10-76A3-4DF5-8118-F24F278CF231}"
EndProject
Project("{2150E333-8FDC-42A3-9474-1A3956D46DE8}") = "EFCore", "EFCore", "{EC7DAF5B-70C9-4D65-99E1-B6460DF9D0DA}"
EndProject
Project("{9A19103F-16F7-4668-BE54-9A1E7A4F7556}") = "Common", "EFCore\Common\Common.csproj", "{2112A67A-8EE6-44A4-B56D-9099472A3147}"
EndProject
Project("{9A19103F-16F7-4668-BE54-9A1E7A4F7556}") = "Insert", "EFCore\Insert\Insert.csproj", "{50B92486-AA94-49E1-93C4-CC1E29B1434B}"
EndProject
Project("{9A19103F-16F7-4668-BE54-9A1E7A4F7556}") = "LoadingStrategies", "EFCore\LoadingStrategies\LoadingStrategies.csproj", "{2416F990-475E-4FA0-B8AB-57290E8337FC}"
EndProject
Project("{9A19103F-16F7-4668-BE54-9A1E7A4F7556}") = "ClientServerEvaluation", "EFCore\ClientServerEvaluation\ClientServerEvaluation.csproj", "{96F18408-14D7-4FEE-B9BA-334E405A0F99}"
EndProject
Project("{2150E333-8FDC-42A3-9474-1A3956D46DE8}") = "CRUD", "CRUD", "{DEF83346-310D-4BDB-9447-FB83AC55F228}"
EndProject
Project("{9A19103F-16F7-4668-BE54-9A1E7A4F7556}") = "Create", "EFCore\CRUD\Create\Create.csproj", "{74D9C402-808D-43B2-9E91-352D2FDF88F7}"
EndProject
Project("{9A19103F-16F7-4668-BE54-9A1E7A4F7556}") = "Update", "EFCore\CRUD\Update\Update.csproj", "{FF93A642-91CF-4654-AD68-08184C55C021}"
EndProject
Project("{9A19103F-16F7-4668-BE54-9A1E7A4F7556}") = "SimpleProject", "DependencyInversion\Microsoft\SimpleProject\SimpleProject.csproj", "{71271835-F600-46E1-9F0E-801AE03FE5D7}"
EndProject
Project("{2150E333-8FDC-42A3-9474-1A3956D46DE8}") = "Microsoft", "Microsoft", "{17EBF12D-B26F-4DCF-89B7-4B693CF130EF}"
EndProject
Project("{9A19103F-16F7-4668-BE54-9A1E7A4F7556}") = "DI_AbstractFactory", "DependencyInversion\Microsoft\DI_AbstractFactory\DI_AbstractFactory.csproj", "{82F770F8-D12B-4A03-AFCE-5E4DCBEA3FCC}"
EndProject
Project("{9A19103F-16F7-4668-BE54-9A1E7A4F7556}") = "DI_Appsettings", "DependencyInversion\Microsoft\DI_Appsettings\DI_Appsettings.csproj", "{A3444A37-CB2E-4D19-8557-33390837B48C}"
EndProject
Project("{9A19103F-16F7-4668-BE54-9A1E7A4F7556}") = "MassTransitDemo", "RabbitMQ\MassTransit\MassTransitDemo.csproj", "{98113EF3-33FC-4D66-8951-1A57F47A1B0B}"
EndProject
Project("{2150E333-8FDC-42A3-9474-1A3956D46DE8}") = "Dapper", "Dapper", "{3B6958E4-7350-4F1D-BD41-EA233E44A616}"
EndProject
Project("{9A19103F-16F7-4668-BE54-9A1E7A4F7556}") = "DapperDemo", "Dapper\DapperDemo\DapperDemo.csproj", "{551AAF93-2B29-4FF8-B955-7CE513DE5659}"
EndProject
Project("{9A19103F-16F7-4668-BE54-9A1E7A4F7556}") = "MongoDbDemo", "MongoDb\MongoDbDemo\MongoDbDemo.csproj", "{A35D03F1-7FED-422C-9CC3-F8F1EC653C9C}"
EndProject
Project("{2150E333-8FDC-42A3-9474-1A3956D46DE8}") = "MongoDb", "MongoDb", "{85EC42ED-67FB-40A1-BEFE-AB66DFB3FA8D}"
EndProject
Project("{FAE04EC0-301F-11D3-BF4B-00C04F79EFBC}") = "IOptions", "Configuration\IOptions\IOptions.csproj", "{4C4329F4-CB6F-4E2A-AB6F-95D996C230B3}"
EndProject
Project("{2150E333-8FDC-42A3-9474-1A3956D46DE8}") = "Configuration", "Configuration", "{0878C92D-15AC-49DA-B7F2-1CE3622F50DD}"
EndProject
Project("{FAE04EC0-301F-11D3-BF4B-00C04F79EFBC}") = "DifferentAppSettings", "Configuration\DifferentAppSettings\DifferentAppSettings.csproj", "{813E546E-C762-48B8-A5B9-3E7D5FCFBA9C}"
EndProject
Project("{FAE04EC0-301F-11D3-BF4B-00C04F79EFBC}") = "InstanceFromConfiguration", "Configuration\InstanceFromConfiguration\InstanceFromConfiguration.csproj", "{3452ACAA-BA4F-4FA8-AEBD-8518E87514D2}"
EndProject
Project("{FAE04EC0-301F-11D3-BF4B-00C04F79EFBC}") = "ConsoleHost", "Host\ConsoleHost\ConsoleHost.csproj", "{C8345225-E18A-4CED-9E39-CFD6119736A1}"
EndProject
Project("{2150E333-8FDC-42A3-9474-1A3956D46DE8}") = "Host", "Host", "{B1BE48CA-ECD3-4427-BECB-58DD1A5FE7D8}"
EndProject
Global
	GlobalSection(SolutionConfigurationPlatforms) = preSolution
		Debug|Any CPU = Debug|Any CPU
		Release|Any CPU = Release|Any CPU
	EndGlobalSection
	GlobalSection(ProjectConfigurationPlatforms) = postSolution
		{87492C5A-B10B-4CE2-8157-EC0A234A7BF8}.Debug|Any CPU.ActiveCfg = Debug|Any CPU
		{87492C5A-B10B-4CE2-8157-EC0A234A7BF8}.Debug|Any CPU.Build.0 = Debug|Any CPU
		{87492C5A-B10B-4CE2-8157-EC0A234A7BF8}.Release|Any CPU.ActiveCfg = Release|Any CPU
		{87492C5A-B10B-4CE2-8157-EC0A234A7BF8}.Release|Any CPU.Build.0 = Release|Any CPU
		{83EF07A4-78E4-4977-A9C3-19BA64A04C5D}.Debug|Any CPU.ActiveCfg = Debug|Any CPU
		{83EF07A4-78E4-4977-A9C3-19BA64A04C5D}.Debug|Any CPU.Build.0 = Debug|Any CPU
		{83EF07A4-78E4-4977-A9C3-19BA64A04C5D}.Release|Any CPU.ActiveCfg = Release|Any CPU
		{83EF07A4-78E4-4977-A9C3-19BA64A04C5D}.Release|Any CPU.Build.0 = Release|Any CPU
		{24A446A6-3298-40A8-9C6C-3764FC649055}.Debug|Any CPU.ActiveCfg = Debug|Any CPU
		{24A446A6-3298-40A8-9C6C-3764FC649055}.Debug|Any CPU.Build.0 = Debug|Any CPU
		{24A446A6-3298-40A8-9C6C-3764FC649055}.Release|Any CPU.ActiveCfg = Release|Any CPU
		{24A446A6-3298-40A8-9C6C-3764FC649055}.Release|Any CPU.Build.0 = Release|Any CPU
		{5C18CDCE-6642-452F-9323-0198A861060A}.Debug|Any CPU.ActiveCfg = Debug|Any CPU
		{5C18CDCE-6642-452F-9323-0198A861060A}.Debug|Any CPU.Build.0 = Debug|Any CPU
		{5C18CDCE-6642-452F-9323-0198A861060A}.Release|Any CPU.ActiveCfg = Release|Any CPU
		{5C18CDCE-6642-452F-9323-0198A861060A}.Release|Any CPU.Build.0 = Release|Any CPU
		{7FE03B29-75DE-48E1-9DC9-11D08AC50E36}.Debug|Any CPU.ActiveCfg = Debug|Any CPU
		{7FE03B29-75DE-48E1-9DC9-11D08AC50E36}.Debug|Any CPU.Build.0 = Debug|Any CPU
		{7FE03B29-75DE-48E1-9DC9-11D08AC50E36}.Release|Any CPU.ActiveCfg = Release|Any CPU
		{7FE03B29-75DE-48E1-9DC9-11D08AC50E36}.Release|Any CPU.Build.0 = Release|Any CPU
		{195BA090-949B-47D0-81CD-DC4D9409175B}.Debug|Any CPU.ActiveCfg = Debug|Any CPU
		{195BA090-949B-47D0-81CD-DC4D9409175B}.Debug|Any CPU.Build.0 = Debug|Any CPU
		{195BA090-949B-47D0-81CD-DC4D9409175B}.Release|Any CPU.ActiveCfg = Release|Any CPU
		{195BA090-949B-47D0-81CD-DC4D9409175B}.Release|Any CPU.Build.0 = Release|Any CPU
		{DDE27ABF-E784-4FED-87A3-61C65CDF28EC}.Debug|Any CPU.ActiveCfg = Debug|Any CPU
		{DDE27ABF-E784-4FED-87A3-61C65CDF28EC}.Debug|Any CPU.Build.0 = Debug|Any CPU
		{DDE27ABF-E784-4FED-87A3-61C65CDF28EC}.Release|Any CPU.ActiveCfg = Release|Any CPU
		{DDE27ABF-E784-4FED-87A3-61C65CDF28EC}.Release|Any CPU.Build.0 = Release|Any CPU
		{D0E6FDF6-1C6F-4567-B2D0-8E879563143F}.Debug|Any CPU.ActiveCfg = Debug|Any CPU
		{D0E6FDF6-1C6F-4567-B2D0-8E879563143F}.Debug|Any CPU.Build.0 = Debug|Any CPU
		{D0E6FDF6-1C6F-4567-B2D0-8E879563143F}.Release|Any CPU.ActiveCfg = Release|Any CPU
		{D0E6FDF6-1C6F-4567-B2D0-8E879563143F}.Release|Any CPU.Build.0 = Release|Any CPU
		{30689FEB-C785-4E53-B569-1C109BD5A30B}.Debug|Any CPU.ActiveCfg = Debug|Any CPU
		{30689FEB-C785-4E53-B569-1C109BD5A30B}.Debug|Any CPU.Build.0 = Debug|Any CPU
		{30689FEB-C785-4E53-B569-1C109BD5A30B}.Release|Any CPU.ActiveCfg = Release|Any CPU
		{30689FEB-C785-4E53-B569-1C109BD5A30B}.Release|Any CPU.Build.0 = Release|Any CPU
		{FCE05DCE-41E0-467C-928C-E3245CA9B6A1}.Debug|Any CPU.ActiveCfg = Debug|Any CPU
		{FCE05DCE-41E0-467C-928C-E3245CA9B6A1}.Debug|Any CPU.Build.0 = Debug|Any CPU
		{FCE05DCE-41E0-467C-928C-E3245CA9B6A1}.Release|Any CPU.ActiveCfg = Release|Any CPU
		{FCE05DCE-41E0-467C-928C-E3245CA9B6A1}.Release|Any CPU.Build.0 = Release|Any CPU
		{61528035-562C-4506-8874-21D77F147CE0}.Debug|Any CPU.ActiveCfg = Debug|Any CPU
		{61528035-562C-4506-8874-21D77F147CE0}.Debug|Any CPU.Build.0 = Debug|Any CPU
		{61528035-562C-4506-8874-21D77F147CE0}.Release|Any CPU.ActiveCfg = Release|Any CPU
		{61528035-562C-4506-8874-21D77F147CE0}.Release|Any CPU.Build.0 = Release|Any CPU
		{2112A67A-8EE6-44A4-B56D-9099472A3147}.Debug|Any CPU.ActiveCfg = Debug|Any CPU
		{2112A67A-8EE6-44A4-B56D-9099472A3147}.Debug|Any CPU.Build.0 = Debug|Any CPU
		{2112A67A-8EE6-44A4-B56D-9099472A3147}.Release|Any CPU.ActiveCfg = Release|Any CPU
		{2112A67A-8EE6-44A4-B56D-9099472A3147}.Release|Any CPU.Build.0 = Release|Any CPU
		{50B92486-AA94-49E1-93C4-CC1E29B1434B}.Debug|Any CPU.ActiveCfg = Debug|Any CPU
		{50B92486-AA94-49E1-93C4-CC1E29B1434B}.Debug|Any CPU.Build.0 = Debug|Any CPU
		{50B92486-AA94-49E1-93C4-CC1E29B1434B}.Release|Any CPU.ActiveCfg = Release|Any CPU
		{50B92486-AA94-49E1-93C4-CC1E29B1434B}.Release|Any CPU.Build.0 = Release|Any CPU
		{2416F990-475E-4FA0-B8AB-57290E8337FC}.Debug|Any CPU.ActiveCfg = Debug|Any CPU
		{2416F990-475E-4FA0-B8AB-57290E8337FC}.Debug|Any CPU.Build.0 = Debug|Any CPU
		{2416F990-475E-4FA0-B8AB-57290E8337FC}.Release|Any CPU.ActiveCfg = Release|Any CPU
		{2416F990-475E-4FA0-B8AB-57290E8337FC}.Release|Any CPU.Build.0 = Release|Any CPU
		{96F18408-14D7-4FEE-B9BA-334E405A0F99}.Debug|Any CPU.ActiveCfg = Debug|Any CPU
		{96F18408-14D7-4FEE-B9BA-334E405A0F99}.Debug|Any CPU.Build.0 = Debug|Any CPU
		{96F18408-14D7-4FEE-B9BA-334E405A0F99}.Release|Any CPU.ActiveCfg = Release|Any CPU
		{96F18408-14D7-4FEE-B9BA-334E405A0F99}.Release|Any CPU.Build.0 = Release|Any CPU
		{74D9C402-808D-43B2-9E91-352D2FDF88F7}.Debug|Any CPU.ActiveCfg = Debug|Any CPU
		{74D9C402-808D-43B2-9E91-352D2FDF88F7}.Debug|Any CPU.Build.0 = Debug|Any CPU
		{74D9C402-808D-43B2-9E91-352D2FDF88F7}.Release|Any CPU.ActiveCfg = Release|Any CPU
		{74D9C402-808D-43B2-9E91-352D2FDF88F7}.Release|Any CPU.Build.0 = Release|Any CPU
		{FF93A642-91CF-4654-AD68-08184C55C021}.Debug|Any CPU.ActiveCfg = Debug|Any CPU
		{FF93A642-91CF-4654-AD68-08184C55C021}.Debug|Any CPU.Build.0 = Debug|Any CPU
		{FF93A642-91CF-4654-AD68-08184C55C021}.Release|Any CPU.ActiveCfg = Release|Any CPU
		{FF93A642-91CF-4654-AD68-08184C55C021}.Release|Any CPU.Build.0 = Release|Any CPU
		{71271835-F600-46E1-9F0E-801AE03FE5D7}.Debug|Any CPU.ActiveCfg = Debug|Any CPU
		{71271835-F600-46E1-9F0E-801AE03FE5D7}.Debug|Any CPU.Build.0 = Debug|Any CPU
		{71271835-F600-46E1-9F0E-801AE03FE5D7}.Release|Any CPU.ActiveCfg = Release|Any CPU
		{71271835-F600-46E1-9F0E-801AE03FE5D7}.Release|Any CPU.Build.0 = Release|Any CPU
		{82F770F8-D12B-4A03-AFCE-5E4DCBEA3FCC}.Debug|Any CPU.ActiveCfg = Debug|Any CPU
		{82F770F8-D12B-4A03-AFCE-5E4DCBEA3FCC}.Debug|Any CPU.Build.0 = Debug|Any CPU
		{82F770F8-D12B-4A03-AFCE-5E4DCBEA3FCC}.Release|Any CPU.ActiveCfg = Release|Any CPU
		{82F770F8-D12B-4A03-AFCE-5E4DCBEA3FCC}.Release|Any CPU.Build.0 = Release|Any CPU
		{A3444A37-CB2E-4D19-8557-33390837B48C}.Debug|Any CPU.ActiveCfg = Debug|Any CPU
		{A3444A37-CB2E-4D19-8557-33390837B48C}.Debug|Any CPU.Build.0 = Debug|Any CPU
		{A3444A37-CB2E-4D19-8557-33390837B48C}.Release|Any CPU.ActiveCfg = Release|Any CPU
		{A3444A37-CB2E-4D19-8557-33390837B48C}.Release|Any CPU.Build.0 = Release|Any CPU
		{98113EF3-33FC-4D66-8951-1A57F47A1B0B}.Debug|Any CPU.ActiveCfg = Debug|Any CPU
		{98113EF3-33FC-4D66-8951-1A57F47A1B0B}.Debug|Any CPU.Build.0 = Debug|Any CPU
		{98113EF3-33FC-4D66-8951-1A57F47A1B0B}.Release|Any CPU.ActiveCfg = Release|Any CPU
		{98113EF3-33FC-4D66-8951-1A57F47A1B0B}.Release|Any CPU.Build.0 = Release|Any CPU
		{551AAF93-2B29-4FF8-B955-7CE513DE5659}.Debug|Any CPU.ActiveCfg = Debug|Any CPU
		{551AAF93-2B29-4FF8-B955-7CE513DE5659}.Debug|Any CPU.Build.0 = Debug|Any CPU
		{551AAF93-2B29-4FF8-B955-7CE513DE5659}.Release|Any CPU.ActiveCfg = Release|Any CPU
		{551AAF93-2B29-4FF8-B955-7CE513DE5659}.Release|Any CPU.Build.0 = Release|Any CPU
		{A35D03F1-7FED-422C-9CC3-F8F1EC653C9C}.Debug|Any CPU.ActiveCfg = Debug|Any CPU
		{A35D03F1-7FED-422C-9CC3-F8F1EC653C9C}.Debug|Any CPU.Build.0 = Debug|Any CPU
		{A35D03F1-7FED-422C-9CC3-F8F1EC653C9C}.Release|Any CPU.ActiveCfg = Release|Any CPU
		{A35D03F1-7FED-422C-9CC3-F8F1EC653C9C}.Release|Any CPU.Build.0 = Release|Any CPU
		{4C4329F4-CB6F-4E2A-AB6F-95D996C230B3}.Debug|Any CPU.ActiveCfg = Debug|Any CPU
		{4C4329F4-CB6F-4E2A-AB6F-95D996C230B3}.Debug|Any CPU.Build.0 = Debug|Any CPU
		{4C4329F4-CB6F-4E2A-AB6F-95D996C230B3}.Release|Any CPU.ActiveCfg = Release|Any CPU
		{4C4329F4-CB6F-4E2A-AB6F-95D996C230B3}.Release|Any CPU.Build.0 = Release|Any CPU
		{813E546E-C762-48B8-A5B9-3E7D5FCFBA9C}.Debug|Any CPU.ActiveCfg = Debug|Any CPU
		{813E546E-C762-48B8-A5B9-3E7D5FCFBA9C}.Debug|Any CPU.Build.0 = Debug|Any CPU
		{813E546E-C762-48B8-A5B9-3E7D5FCFBA9C}.Release|Any CPU.ActiveCfg = Release|Any CPU
		{813E546E-C762-48B8-A5B9-3E7D5FCFBA9C}.Release|Any CPU.Build.0 = Release|Any CPU
		{3452ACAA-BA4F-4FA8-AEBD-8518E87514D2}.Debug|Any CPU.ActiveCfg = Debug|Any CPU
		{3452ACAA-BA4F-4FA8-AEBD-8518E87514D2}.Debug|Any CPU.Build.0 = Debug|Any CPU
		{3452ACAA-BA4F-4FA8-AEBD-8518E87514D2}.Release|Any CPU.ActiveCfg = Release|Any CPU
		{3452ACAA-BA4F-4FA8-AEBD-8518E87514D2}.Release|Any CPU.Build.0 = Release|Any CPU
		{C8345225-E18A-4CED-9E39-CFD6119736A1}.Debug|Any CPU.ActiveCfg = Debug|Any CPU
		{C8345225-E18A-4CED-9E39-CFD6119736A1}.Debug|Any CPU.Build.0 = Debug|Any CPU
		{C8345225-E18A-4CED-9E39-CFD6119736A1}.Release|Any CPU.ActiveCfg = Release|Any CPU
		{C8345225-E18A-4CED-9E39-CFD6119736A1}.Release|Any CPU.Build.0 = Release|Any CPU
	EndGlobalSection
	GlobalSection(SolutionProperties) = preSolution
		HideSolutionNode = FALSE
	EndGlobalSection
	GlobalSection(NestedProjects) = preSolution
		{87492C5A-B10B-4CE2-8157-EC0A234A7BF8} = {F22B4230-BE74-4660-B5F7-B9AAC5DEC4A1}
		{83EF07A4-78E4-4977-A9C3-19BA64A04C5D} = {F22B4230-BE74-4660-B5F7-B9AAC5DEC4A1}
		{24A446A6-3298-40A8-9C6C-3764FC649055} = {F22B4230-BE74-4660-B5F7-B9AAC5DEC4A1}
		{5C18CDCE-6642-452F-9323-0198A861060A} = {F22B4230-BE74-4660-B5F7-B9AAC5DEC4A1}
		{7FE03B29-75DE-48E1-9DC9-11D08AC50E36} = {F22B4230-BE74-4660-B5F7-B9AAC5DEC4A1}
		{195BA090-949B-47D0-81CD-DC4D9409175B} = {F22B4230-BE74-4660-B5F7-B9AAC5DEC4A1}
		{DDE27ABF-E784-4FED-87A3-61C65CDF28EC} = {F4E0C3B3-FB0C-4F0D-8900-84BA975E2F52}
		{D0E6FDF6-1C6F-4567-B2D0-8E879563143F} = {F4E0C3B3-FB0C-4F0D-8900-84BA975E2F52}
		{30689FEB-C785-4E53-B569-1C109BD5A30B} = {F4E0C3B3-FB0C-4F0D-8900-84BA975E2F52}
		{FCE05DCE-41E0-467C-928C-E3245CA9B6A1} = {F4E0C3B3-FB0C-4F0D-8900-84BA975E2F52}
		{61528035-562C-4506-8874-21D77F147CE0} = {F4E0C3B3-FB0C-4F0D-8900-84BA975E2F52}
		{2112A67A-8EE6-44A4-B56D-9099472A3147} = {EC7DAF5B-70C9-4D65-99E1-B6460DF9D0DA}
		{50B92486-AA94-49E1-93C4-CC1E29B1434B} = {EC7DAF5B-70C9-4D65-99E1-B6460DF9D0DA}
		{2416F990-475E-4FA0-B8AB-57290E8337FC} = {EC7DAF5B-70C9-4D65-99E1-B6460DF9D0DA}
		{96F18408-14D7-4FEE-B9BA-334E405A0F99} = {EC7DAF5B-70C9-4D65-99E1-B6460DF9D0DA}
		{DEF83346-310D-4BDB-9447-FB83AC55F228} = {EC7DAF5B-70C9-4D65-99E1-B6460DF9D0DA}
		{74D9C402-808D-43B2-9E91-352D2FDF88F7} = {DEF83346-310D-4BDB-9447-FB83AC55F228}
		{FF93A642-91CF-4654-AD68-08184C55C021} = {DEF83346-310D-4BDB-9447-FB83AC55F228}
		{71271835-F600-46E1-9F0E-801AE03FE5D7} = {17EBF12D-B26F-4DCF-89B7-4B693CF130EF}
		{17EBF12D-B26F-4DCF-89B7-4B693CF130EF} = {A84D1A10-76A3-4DF5-8118-F24F278CF231}
		{82F770F8-D12B-4A03-AFCE-5E4DCBEA3FCC} = {17EBF12D-B26F-4DCF-89B7-4B693CF130EF}
		{A3444A37-CB2E-4D19-8557-33390837B48C} = {17EBF12D-B26F-4DCF-89B7-4B693CF130EF}
		{98113EF3-33FC-4D66-8951-1A57F47A1B0B} = {F22B4230-BE74-4660-B5F7-B9AAC5DEC4A1}
		{551AAF93-2B29-4FF8-B955-7CE513DE5659} = {3B6958E4-7350-4F1D-BD41-EA233E44A616}
		{A35D03F1-7FED-422C-9CC3-F8F1EC653C9C} = {85EC42ED-67FB-40A1-BEFE-AB66DFB3FA8D}
		{4C4329F4-CB6F-4E2A-AB6F-95D996C230B3} = {0878C92D-15AC-49DA-B7F2-1CE3622F50DD}
		{813E546E-C762-48B8-A5B9-3E7D5FCFBA9C} = {0878C92D-15AC-49DA-B7F2-1CE3622F50DD}
		{3452ACAA-BA4F-4FA8-AEBD-8518E87514D2} = {0878C92D-15AC-49DA-B7F2-1CE3622F50DD}
		{C8345225-E18A-4CED-9E39-CFD6119736A1} = {B1BE48CA-ECD3-4427-BECB-58DD1A5FE7D8}
	EndGlobalSection
	GlobalSection(ExtensibilityGlobals) = postSolution
		SolutionGuid = {F34DAB5A-19CC-46DA-9767-164E35290703}
	EndGlobalSection
EndGlobal
